
Microsoft Visual Studio Solution File, Format Version 12.00
# Visual Studio Version 17
VisualStudioVersion = 17.2.32519.379
MinimumVisualStudioVersion = 10.0.40219.1
Project("{00D1A9C2-B5F0-4AF3-8072-F6C62B433612}") = "InsuranceDb", "InsuranceDb\InsuranceDb.sqlproj", "{B76BE934-63D3-4A3C-A06B-BD8D32CC2F18}"
EndProject
Global
	GlobalSection(SolutionConfigurationPlatforms) = preSolution
		Debug|Any CPU = Debug|Any CPU
		Release|Any CPU = Release|Any CPU
	EndGlobalSection
	GlobalSection(ProjectConfigurationPlatforms) = postSolution
		{B76BE934-63D3-4A3C-A06B-BD8D32CC2F18}.Debug|Any CPU.ActiveCfg = Debug|Any CPU
		{B76BE934-63D3-4A3C-A06B-BD8D32CC2F18}.Debug|Any CPU.Build.0 = Debug|Any CPU
		{B76BE934-63D3-4A3C-A06B-BD8D32CC2F18}.Debug|Any CPU.Deploy.0 = Debug|Any CPU
		{B76BE934-63D3-4A3C-A06B-BD8D32CC2F18}.Release|Any CPU.ActiveCfg = Release|Any CPU
		{B76BE934-63D3-4A3C-A06B-BD8D32CC2F18}.Release|Any CPU.Build.0 = Release|Any CPU
		{B76BE934-63D3-4A3C-A06B-BD8D32CC2F18}.Release|Any CPU.Deploy.0 = Release|Any CPU
	EndGlobalSection
	GlobalSection(SolutionProperties) = preSolution
		HideSolutionNode = FALSE
	EndGlobalSection
	GlobalSection(ExtensibilityGlobals) = postSolution
		SolutionGuid = {893D8D14-D336-4F93-BC36-606186276ABB}
	EndGlobalSection
EndGlobal
